// !$*UTF8*$!
{
	archiveVersion = 1;
	classes = {
	};
	objectVersion = 56;
	objects = {

/* Begin PBXBuildFile section */
		0B3D5DE7215364AA45B6F1CE /* Pods_SampleLibraries.framework in Frameworks */ = {isa = PBXBuildFile; fileRef = B6BFD8B4115E886CD4F39F89 /* Pods_SampleLibraries.framework */; };
		B608C0262B12D9FC002CDC53 /* SwiftyAttribute.storyboard in Resources */ = {isa = PBXBuildFile; fileRef = B608C0242B12D9FC002CDC53 /* SwiftyAttribute.storyboard */; };
		B608C0272B12D9FC002CDC53 /* SwiftyAttributeViewController.swift in Sources */ = {isa = PBXBuildFile; fileRef = B608C0252B12D9FC002CDC53 /* SwiftyAttributeViewController.swift */; };
		B632B18A2A559F0600EC323B /* 32921-volumn-from-mute-to-maximum.json in Resources */ = {isa = PBXBuildFile; fileRef = B632B17B2A559F0600EC323B /* 32921-volumn-from-mute-to-maximum.json */; };
		B632B18B2A559F0600EC323B /* 9965-loading-spinner.json in Resources */ = {isa = PBXBuildFile; fileRef = B632B17C2A559F0600EC323B /* 9965-loading-spinner.json */; };
		B632B18C2A559F0600EC323B /* 32910-success.json in Resources */ = {isa = PBXBuildFile; fileRef = B632B17D2A559F0600EC323B /* 32910-success.json */; };
		B632B18D2A559F0600EC323B /* GithubSearch.storyboard in Resources */ = {isa = PBXBuildFile; fileRef = B632B1802A559F0600EC323B /* GithubSearch.storyboard */; };
		B632B18E2A559F0600EC323B /* GithubSearchViewController.swift in Sources */ = {isa = PBXBuildFile; fileRef = B632B1812A559F0600EC323B /* GithubSearchViewController.swift */; };
		B632B18F2A559F0600EC323B /* GithubModel.swift in Sources */ = {isa = PBXBuildFile; fileRef = B632B1822A559F0600EC323B /* GithubModel.swift */; };
		B632B1902A559F0600EC323B /* GithubAPI.swift in Sources */ = {isa = PBXBuildFile; fileRef = B632B1832A559F0600EC323B /* GithubAPI.swift */; };
		B632B1912A559F0600EC323B /* GithubTableViewCell.xib in Resources */ = {isa = PBXBuildFile; fileRef = B632B1852A559F0600EC323B /* GithubTableViewCell.xib */; };
		B632B1922A559F0600EC323B /* GithubTableViewCell.swift in Sources */ = {isa = PBXBuildFile; fileRef = B632B1862A559F0600EC323B /* GithubTableViewCell.swift */; };
		B632B1932A559F0600EC323B /* ActiveLabelViewController.swift in Sources */ = {isa = PBXBuildFile; fileRef = B632B1882A559F0600EC323B /* ActiveLabelViewController.swift */; };
		B632B1942A559F0600EC323B /* ActiveLabel.storyboard in Resources */ = {isa = PBXBuildFile; fileRef = B632B1892A559F0600EC323B /* ActiveLabel.storyboard */; };
		B632B1A12A559F1900EC323B /* LottieViewController.swift in Sources */ = {isa = PBXBuildFile; fileRef = B632B1962A559F1900EC323B /* LottieViewController.swift */; };
		B632B1A22A559F1900EC323B /* Lottie.storyboard in Resources */ = {isa = PBXBuildFile; fileRef = B632B1972A559F1900EC323B /* Lottie.storyboard */; };
		B632B1A32A559F1900EC323B /* Rswift.storyboard in Resources */ = {isa = PBXBuildFile; fileRef = B632B1992A559F1900EC323B /* Rswift.storyboard */; };
		B632B1A42A559F1900EC323B /* RswiftViewController.swift in Sources */ = {isa = PBXBuildFile; fileRef = B632B19A2A559F1900EC323B /* RswiftViewController.swift */; };
		B632B1A52A559F1900EC323B /* Keyboard.storyboard in Resources */ = {isa = PBXBuildFile; fileRef = B632B19C2A559F1900EC323B /* Keyboard.storyboard */; };
		B632B1A62A559F1900EC323B /* KeyboardViewController.swift in Sources */ = {isa = PBXBuildFile; fileRef = B632B19D2A559F1900EC323B /* KeyboardViewController.swift */; };
		B632B1A72A559F1900EC323B /* Kingfisher.storyboard in Resources */ = {isa = PBXBuildFile; fileRef = B632B19F2A559F1900EC323B /* Kingfisher.storyboard */; };
		B632B1A82A559F1900EC323B /* KingfisherViewController.swift in Sources */ = {isa = PBXBuildFile; fileRef = B632B1A02A559F1900EC323B /* KingfisherViewController.swift */; };
		B632B1AD2A559F3300EC323B /* ViewController.swift in Sources */ = {isa = PBXBuildFile; fileRef = B632B1A92A559F3200EC323B /* ViewController.swift */; };
		B6444DAC2A502638008ED511 /* AppDelegate.swift in Sources */ = {isa = PBXBuildFile; fileRef = B6444DAB2A502638008ED511 /* AppDelegate.swift */; };
		B6444DAE2A502638008ED511 /* SceneDelegate.swift in Sources */ = {isa = PBXBuildFile; fileRef = B6444DAD2A502638008ED511 /* SceneDelegate.swift */; };
		B6444DB32A502638008ED511 /* Main.storyboard in Resources */ = {isa = PBXBuildFile; fileRef = B6444DB12A502638008ED511 /* Main.storyboard */; };
		B6444DB52A50263A008ED511 /* Assets.xcassets in Resources */ = {isa = PBXBuildFile; fileRef = B6444DB42A50263A008ED511 /* Assets.xcassets */; };
		B6444DB82A50263A008ED511 /* LaunchScreen.storyboard in Resources */ = {isa = PBXBuildFile; fileRef = B6444DB62A50263A008ED511 /* LaunchScreen.storyboard */; };
		B6444DF82A502BF4008ED511 /* R.generated.swift in Sources */ = {isa = PBXBuildFile; fileRef = B6444DF72A502BF4008ED511 /* R.generated.swift */; };
		B6444DFD2A503358008ED511 /* Settings.bundle in Resources */ = {isa = PBXBuildFile; fileRef = B6444DFC2A503358008ED511 /* Settings.bundle */; };
/* End PBXBuildFile section */

/* Begin PBXFileReference section */
		968183C378B0CB4B8D12C02D /* Pods-SampleLibraries.release.xcconfig */ = {isa = PBXFileReference; includeInIndex = 1; lastKnownFileType = text.xcconfig; name = "Pods-SampleLibraries.release.xcconfig"; path = "Target Support Files/Pods-SampleLibraries/Pods-SampleLibraries.release.xcconfig"; sourceTree = "<group>"; };
		B608C0242B12D9FC002CDC53 /* SwiftyAttribute.storyboard */ = {isa = PBXFileReference; fileEncoding = 4; lastKnownFileType = file.storyboard; path = SwiftyAttribute.storyboard; sourceTree = "<group>"; };
		B608C0252B12D9FC002CDC53 /* SwiftyAttributeViewController.swift */ = {isa = PBXFileReference; fileEncoding = 4; lastKnownFileType = sourcecode.swift; path = SwiftyAttributeViewController.swift; sourceTree = "<group>"; };
		B632B17B2A559F0600EC323B /* 32921-volumn-from-mute-to-maximum.json */ = {isa = PBXFileReference; fileEncoding = 4; lastKnownFileType = text.json; path = "32921-volumn-from-mute-to-maximum.json"; sourceTree = "<group>"; };
		B632B17C2A559F0600EC323B /* 9965-loading-spinner.json */ = {isa = PBXFileReference; fileEncoding = 4; lastKnownFileType = text.json; path = "9965-loading-spinner.json"; sourceTree = "<group>"; };
		B632B17D2A559F0600EC323B /* 32910-success.json */ = {isa = PBXFileReference; fileEncoding = 4; lastKnownFileType = text.json; path = "32910-success.json"; sourceTree = "<group>"; };
		B632B1802A559F0600EC323B /* GithubSearch.storyboard */ = {isa = PBXFileReference; fileEncoding = 4; lastKnownFileType = file.storyboard; path = GithubSearch.storyboard; sourceTree = "<group>"; };
		B632B1812A559F0600EC323B /* GithubSearchViewController.swift */ = {isa = PBXFileReference; fileEncoding = 4; lastKnownFileType = sourcecode.swift; path = GithubSearchViewController.swift; sourceTree = "<group>"; };
		B632B1822A559F0600EC323B /* GithubModel.swift */ = {isa = PBXFileReference; fileEncoding = 4; lastKnownFileType = sourcecode.swift; path = GithubModel.swift; sourceTree = "<group>"; };
		B632B1832A559F0600EC323B /* GithubAPI.swift */ = {isa = PBXFileReference; fileEncoding = 4; lastKnownFileType = sourcecode.swift; path = GithubAPI.swift; sourceTree = "<group>"; };
		B632B1852A559F0600EC323B /* GithubTableViewCell.xib */ = {isa = PBXFileReference; fileEncoding = 4; lastKnownFileType = file.xib; path = GithubTableViewCell.xib; sourceTree = "<group>"; };
		B632B1862A559F0600EC323B /* GithubTableViewCell.swift */ = {isa = PBXFileReference; fileEncoding = 4; lastKnownFileType = sourcecode.swift; path = GithubTableViewCell.swift; sourceTree = "<group>"; };
		B632B1882A559F0600EC323B /* ActiveLabelViewController.swift */ = {isa = PBXFileReference; fileEncoding = 4; lastKnownFileType = sourcecode.swift; path = ActiveLabelViewController.swift; sourceTree = "<group>"; };
		B632B1892A559F0600EC323B /* ActiveLabel.storyboard */ = {isa = PBXFileReference; fileEncoding = 4; lastKnownFileType = file.storyboard; path = ActiveLabel.storyboard; sourceTree = "<group>"; };
		B632B1962A559F1900EC323B /* LottieViewController.swift */ = {isa = PBXFileReference; fileEncoding = 4; lastKnownFileType = sourcecode.swift; path = LottieViewController.swift; sourceTree = "<group>"; };
		B632B1972A559F1900EC323B /* Lottie.storyboard */ = {isa = PBXFileReference; fileEncoding = 4; lastKnownFileType = file.storyboard; path = Lottie.storyboard; sourceTree = "<group>"; };
		B632B1992A559F1900EC323B /* Rswift.storyboard */ = {isa = PBXFileReference; fileEncoding = 4; lastKnownFileType = file.storyboard; path = Rswift.storyboard; sourceTree = "<group>"; };
		B632B19A2A559F1900EC323B /* RswiftViewController.swift */ = {isa = PBXFileReference; fileEncoding = 4; lastKnownFileType = sourcecode.swift; path = RswiftViewController.swift; sourceTree = "<group>"; };
		B632B19C2A559F1900EC323B /* Keyboard.storyboard */ = {isa = PBXFileReference; fileEncoding = 4; lastKnownFileType = file.storyboard; path = Keyboard.storyboard; sourceTree = "<group>"; };
		B632B19D2A559F1900EC323B /* KeyboardViewController.swift */ = {isa = PBXFileReference; fileEncoding = 4; lastKnownFileType = sourcecode.swift; path = KeyboardViewController.swift; sourceTree = "<group>"; };
		B632B19F2A559F1900EC323B /* Kingfisher.storyboard */ = {isa = PBXFileReference; fileEncoding = 4; lastKnownFileType = file.storyboard; path = Kingfisher.storyboard; sourceTree = "<group>"; };
		B632B1A02A559F1900EC323B /* KingfisherViewController.swift */ = {isa = PBXFileReference; fileEncoding = 4; lastKnownFileType = sourcecode.swift; path = KingfisherViewController.swift; sourceTree = "<group>"; };
		B632B1A92A559F3200EC323B /* ViewController.swift */ = {isa = PBXFileReference; fileEncoding = 4; lastKnownFileType = sourcecode.swift; path = ViewController.swift; sourceTree = "<group>"; };
		B6444DA82A502638008ED511 /* SampleLibraries.app */ = {isa = PBXFileReference; explicitFileType = wrapper.application; includeInIndex = 0; path = SampleLibraries.app; sourceTree = BUILT_PRODUCTS_DIR; };
		B6444DAB2A502638008ED511 /* AppDelegate.swift */ = {isa = PBXFileReference; lastKnownFileType = sourcecode.swift; path = AppDelegate.swift; sourceTree = "<group>"; };
		B6444DAD2A502638008ED511 /* SceneDelegate.swift */ = {isa = PBXFileReference; lastKnownFileType = sourcecode.swift; path = SceneDelegate.swift; sourceTree = "<group>"; };
		B6444DB22A502638008ED511 /* Base */ = {isa = PBXFileReference; lastKnownFileType = file.storyboard; name = Base; path = Base.lproj/Main.storyboard; sourceTree = "<group>"; };
		B6444DB42A50263A008ED511 /* Assets.xcassets */ = {isa = PBXFileReference; lastKnownFileType = folder.assetcatalog; path = Assets.xcassets; sourceTree = "<group>"; };
		B6444DB72A50263A008ED511 /* Base */ = {isa = PBXFileReference; lastKnownFileType = file.storyboard; name = Base; path = Base.lproj/LaunchScreen.storyboard; sourceTree = "<group>"; };
		B6444DB92A50263A008ED511 /* Info.plist */ = {isa = PBXFileReference; lastKnownFileType = text.plist.xml; path = Info.plist; sourceTree = "<group>"; };
		B6444DF72A502BF4008ED511 /* R.generated.swift */ = {isa = PBXFileReference; fileEncoding = 4; lastKnownFileType = sourcecode.swift; path = R.generated.swift; sourceTree = "<group>"; };
		B6444DFC2A503358008ED511 /* Settings.bundle */ = {isa = PBXFileReference; lastKnownFileType = "wrapper.plug-in"; name = Settings.bundle; path = SampleLibraries/Settings.bundle; sourceTree = "<group>"; };
		B6BFD8B4115E886CD4F39F89 /* Pods_SampleLibraries.framework */ = {isa = PBXFileReference; explicitFileType = wrapper.framework; includeInIndex = 0; path = Pods_SampleLibraries.framework; sourceTree = BUILT_PRODUCTS_DIR; };
		C2706874E573C046D66BB91F /* Pods-SampleLibraries.debug.xcconfig */ = {isa = PBXFileReference; includeInIndex = 1; lastKnownFileType = text.xcconfig; name = "Pods-SampleLibraries.debug.xcconfig"; path = "Target Support Files/Pods-SampleLibraries/Pods-SampleLibraries.debug.xcconfig"; sourceTree = "<group>"; };
/* End PBXFileReference section */

/* Begin PBXFrameworksBuildPhase section */
		B6444DA52A502638008ED511 /* Frameworks */ = {
			isa = PBXFrameworksBuildPhase;
			buildActionMask = 2147483647;
			files = (
				0B3D5DE7215364AA45B6F1CE /* Pods_SampleLibraries.framework in Frameworks */,
			);
			runOnlyForDeploymentPostprocessing = 0;
		};
/* End PBXFrameworksBuildPhase section */

/* Begin PBXGroup section */
		0CB2F18ACDD1DCB3CFA424EC /* Frameworks */ = {
			isa = PBXGroup;
			children = (
				B6BFD8B4115E886CD4F39F89 /* Pods_SampleLibraries.framework */,
			);
			name = Frameworks;
			sourceTree = "<group>";
		};
		4456889D478D507EF591769A /* Pods */ = {
			isa = PBXGroup;
			children = (
				C2706874E573C046D66BB91F /* Pods-SampleLibraries.debug.xcconfig */,
				968183C378B0CB4B8D12C02D /* Pods-SampleLibraries.release.xcconfig */,
			);
			path = Pods;
			sourceTree = "<group>";
		};
		B608C0232B12D9FC002CDC53 /* SwiftyAttribute */ = {
			isa = PBXGroup;
			children = (
				B608C0242B12D9FC002CDC53 /* SwiftyAttribute.storyboard */,
				B608C0252B12D9FC002CDC53 /* SwiftyAttributeViewController.swift */,
			);
			path = SwiftyAttribute;
			sourceTree = "<group>";
		};
		B632B17A2A559F0600EC323B /* animations */ = {
			isa = PBXGroup;
			children = (
				B632B17B2A559F0600EC323B /* 32921-volumn-from-mute-to-maximum.json */,
				B632B17C2A559F0600EC323B /* 9965-loading-spinner.json */,
				B632B17D2A559F0600EC323B /* 32910-success.json */,
			);
			path = animations;
			sourceTree = "<group>";
		};
		B632B17E2A559F0600EC323B /* Alamofire */ = {
			isa = PBXGroup;
			children = (
				B632B17F2A559F0600EC323B /* GithubTableViewController */,
				B632B1822A559F0600EC323B /* GithubModel.swift */,
				B632B1832A559F0600EC323B /* GithubAPI.swift */,
				B632B1842A559F0600EC323B /* GithubTableCell */,
			);
			path = Alamofire;
			sourceTree = "<group>";
		};
		B632B17F2A559F0600EC323B /* GithubTableViewController */ = {
			isa = PBXGroup;
			children = (
				B632B1802A559F0600EC323B /* GithubSearch.storyboard */,
				B632B1812A559F0600EC323B /* GithubSearchViewController.swift */,
			);
			path = GithubTableViewController;
			sourceTree = "<group>";
		};
		B632B1842A559F0600EC323B /* GithubTableCell */ = {
			isa = PBXGroup;
			children = (
				B632B1852A559F0600EC323B /* GithubTableViewCell.xib */,
				B632B1862A559F0600EC323B /* GithubTableViewCell.swift */,
			);
			path = GithubTableCell;
			sourceTree = "<group>";
		};
		B632B1872A559F0600EC323B /* ActiveLabel */ = {
			isa = PBXGroup;
			children = (
				B632B1882A559F0600EC323B /* ActiveLabelViewController.swift */,
				B632B1892A559F0600EC323B /* ActiveLabel.storyboard */,
			);
			path = ActiveLabel;
			sourceTree = "<group>";
		};
		B632B1952A559F1900EC323B /* Lottie */ = {
			isa = PBXGroup;
			children = (
				B632B1962A559F1900EC323B /* LottieViewController.swift */,
				B632B1972A559F1900EC323B /* Lottie.storyboard */,
			);
			path = Lottie;
			sourceTree = "<group>";
		};
		B632B1982A559F1900EC323B /* Rswift */ = {
			isa = PBXGroup;
			children = (
				B632B1992A559F1900EC323B /* Rswift.storyboard */,
				B632B19A2A559F1900EC323B /* RswiftViewController.swift */,
			);
			path = Rswift;
			sourceTree = "<group>";
		};
		B632B19B2A559F1900EC323B /* IQKeyboardManager */ = {
			isa = PBXGroup;
			children = (
				B632B19C2A559F1900EC323B /* Keyboard.storyboard */,
				B632B19D2A559F1900EC323B /* KeyboardViewController.swift */,
			);
			path = IQKeyboardManager;
			sourceTree = "<group>";
		};
		B632B19E2A559F1900EC323B /* Kingfisher */ = {
			isa = PBXGroup;
			children = (
				B632B19F2A559F1900EC323B /* Kingfisher.storyboard */,
				B632B1A02A559F1900EC323B /* KingfisherViewController.swift */,
			);
			path = Kingfisher;
			sourceTree = "<group>";
		};
		B6444D9F2A502638008ED511 = {
			isa = PBXGroup;
			children = (
				B6444DFC2A503358008ED511 /* Settings.bundle */,
				B6444DF72A502BF4008ED511 /* R.generated.swift */,
				B6444DAA2A502638008ED511 /* SampleLibraries */,
				B6444DA92A502638008ED511 /* Products */,
				4456889D478D507EF591769A /* Pods */,
				0CB2F18ACDD1DCB3CFA424EC /* Frameworks */,
			);
			sourceTree = "<group>";
		};
		B6444DA92A502638008ED511 /* Products */ = {
			isa = PBXGroup;
			children = (
				B6444DA82A502638008ED511 /* SampleLibraries.app */,
			);
			name = Products;
			sourceTree = "<group>";
		};
		B6444DAA2A502638008ED511 /* SampleLibraries */ = {
			isa = PBXGroup;
			children = (
				B632B1872A559F0600EC323B /* ActiveLabel */,
				B632B17E2A559F0600EC323B /* Alamofire */,
				B632B17A2A559F0600EC323B /* animations */,
				B6444DAB2A502638008ED511 /* AppDelegate.swift */,
				B6444DB42A50263A008ED511 /* Assets.xcassets */,
				B6444DB92A50263A008ED511 /* Info.plist */,
				B632B19B2A559F1900EC323B /* IQKeyboardManager */,
				B632B19E2A559F1900EC323B /* Kingfisher */,
				B6444DB62A50263A008ED511 /* LaunchScreen.storyboard */,
				B632B1952A559F1900EC323B /* Lottie */,
				B6444DB12A502638008ED511 /* Main.storyboard */,
				B632B1982A559F1900EC323B /* Rswift */,
				B6444DAD2A502638008ED511 /* SceneDelegate.swift */,
				B608C0232B12D9FC002CDC53 /* SwiftyAttribute */,
				B632B1A92A559F3200EC323B /* ViewController.swift */,
			);
			path = SampleLibraries;
			sourceTree = "<group>";
		};
/* End PBXGroup section */

/* Begin PBXNativeTarget section */
		B6444DA72A502638008ED511 /* SampleLibraries */ = {
			isa = PBXNativeTarget;
			buildConfigurationList = B6444DBC2A50263A008ED511 /* Build configuration list for PBXNativeTarget "SampleLibraries" */;
			buildPhases = (
				E64B05CF5C2731F003AFBA35 /* [CP] Check Pods Manifest.lock */,
				B6444DF52A5029CD008ED511 /* Run Script(swiftLint) */,
				B6444DF62A5029F2008ED511 /* Run Script(R.swift) */,
				B6444DA42A502638008ED511 /* Sources */,
				B6444DA52A502638008ED511 /* Frameworks */,
				B6444DA62A502638008ED511 /* Resources */,
				730949E6B7E09D0FFA60D244 /* [CP] Embed Pods Frameworks */,
				B6444DF92A502ECF008ED511 /* Run Script(LicensePlist) */,
			);
			buildRules = (
			);
			dependencies = (
			);
			name = SampleLibraries;
			productName = SampleLibraries;
			productReference = B6444DA82A502638008ED511 /* SampleLibraries.app */;
			productType = "com.apple.product-type.application";
		};
/* End PBXNativeTarget section */

/* Begin PBXProject section */
		B6444DA02A502638008ED511 /* Project object */ = {
			isa = PBXProject;
			attributes = {
				BuildIndependentTargetsInParallel = 1;
				LastSwiftUpdateCheck = 1430;
				LastUpgradeCheck = 1430;
				TargetAttributes = {
					B6444DA72A502638008ED511 = {
						CreatedOnToolsVersion = 14.3.1;
					};
				};
			};
			buildConfigurationList = B6444DA32A502638008ED511 /* Build configuration list for PBXProject "SampleLibraries" */;
			compatibilityVersion = "Xcode 14.0";
			developmentRegion = en;
			hasScannedForEncodings = 0;
			knownRegions = (
				en,
				Base,
			);
			mainGroup = B6444D9F2A502638008ED511;
			productRefGroup = B6444DA92A502638008ED511 /* Products */;
			projectDirPath = "";
			projectRoot = "";
			targets = (
				B6444DA72A502638008ED511 /* SampleLibraries */,
			);
		};
/* End PBXProject section */

/* Begin PBXResourcesBuildPhase section */
		B6444DA62A502638008ED511 /* Resources */ = {
			isa = PBXResourcesBuildPhase;
			buildActionMask = 2147483647;
			files = (
				B608C0262B12D9FC002CDC53 /* SwiftyAttribute.storyboard in Resources */,
				B632B18A2A559F0600EC323B /* 32921-volumn-from-mute-to-maximum.json in Resources */,
				B632B1942A559F0600EC323B /* ActiveLabel.storyboard in Resources */,
				B632B1A72A559F1900EC323B /* Kingfisher.storyboard in Resources */,
				B632B18D2A559F0600EC323B /* GithubSearch.storyboard in Resources */,
				B632B1A32A559F1900EC323B /* Rswift.storyboard in Resources */,
				B6444DB82A50263A008ED511 /* LaunchScreen.storyboard in Resources */,
				B6444DB52A50263A008ED511 /* Assets.xcassets in Resources */,
				B632B1A52A559F1900EC323B /* Keyboard.storyboard in Resources */,
				B632B1912A559F0600EC323B /* GithubTableViewCell.xib in Resources */,
				B6444DB32A502638008ED511 /* Main.storyboard in Resources */,
				B632B1A22A559F1900EC323B /* Lottie.storyboard in Resources */,
				B6444DFD2A503358008ED511 /* Settings.bundle in Resources */,
				B632B18C2A559F0600EC323B /* 32910-success.json in Resources */,
				B632B18B2A559F0600EC323B /* 9965-loading-spinner.json in Resources */,
			);
			runOnlyForDeploymentPostprocessing = 0;
		};
/* End PBXResourcesBuildPhase section */

/* Begin PBXShellScriptBuildPhase section */
		730949E6B7E09D0FFA60D244 /* [CP] Embed Pods Frameworks */ = {
			isa = PBXShellScriptBuildPhase;
			buildActionMask = 2147483647;
			files = (
			);
			inputFileListPaths = (
				"${PODS_ROOT}/Target Support Files/Pods-SampleLibraries/Pods-SampleLibraries-frameworks-${CONFIGURATION}-input-files.xcfilelist",
			);
			name = "[CP] Embed Pods Frameworks";
			outputFileListPaths = (
				"${PODS_ROOT}/Target Support Files/Pods-SampleLibraries/Pods-SampleLibraries-frameworks-${CONFIGURATION}-output-files.xcfilelist",
			);
			runOnlyForDeploymentPostprocessing = 0;
			shellPath = /bin/sh;
			shellScript = "\"${PODS_ROOT}/Target Support Files/Pods-SampleLibraries/Pods-SampleLibraries-frameworks.sh\"\n";
			showEnvVarsInLog = 0;
		};
		B6444DF52A5029CD008ED511 /* Run Script(swiftLint) */ = {
			isa = PBXShellScriptBuildPhase;
			buildActionMask = 2147483647;
			files = (
			);
			inputFileListPaths = (
			);
			inputPaths = (
			);
			name = "Run Script(swiftLint)";
			outputFileListPaths = (
			);
			outputPaths = (
			);
			runOnlyForDeploymentPostprocessing = 0;
			shellPath = /bin/sh;
			shellScript = "${PODS_ROOT}/SwiftLint/swiftlint --fix --format\n";
		};
		B6444DF62A5029F2008ED511 /* Run Script(R.swift) */ = {
			isa = PBXShellScriptBuildPhase;
			buildActionMask = 2147483647;
			files = (
			);
			inputFileListPaths = (
			);
			inputPaths = (
				"$TEMP_DIR/rswift-lastrun",
			);
			name = "Run Script(R.swift)";
			outputFileListPaths = (
			);
			outputPaths = (
				$SRCROOT/R.generated.swift,
			);
			runOnlyForDeploymentPostprocessing = 0;
			shellPath = /bin/sh;
			shellScript = "\"$PODS_ROOT/R.swift/rswift\" generate \"$SRCROOT/R.generated.swift\"\n";
		};
		B6444DF92A502ECF008ED511 /* Run Script(LicensePlist) */ = {
			isa = PBXShellScriptBuildPhase;
			buildActionMask = 2147483647;
			files = (
			);
			inputFileListPaths = (
			);
			inputPaths = (
			);
			name = "Run Script(LicensePlist)";
			outputFileListPaths = (
			);
			outputPaths = (
			);
			runOnlyForDeploymentPostprocessing = 0;
			shellPath = /bin/sh;
			shellScript = "if [ $CONFIGURATION = \"Debug\" ]; then\ncd $SRCROOT\n/usr/local/bin/license-plist --output-path $PRODUCT_NAME/Settings.bundle\nfi\n";
		};
		E64B05CF5C2731F003AFBA35 /* [CP] Check Pods Manifest.lock */ = {
			isa = PBXShellScriptBuildPhase;
			buildActionMask = 2147483647;
			files = (
			);
			inputFileListPaths = (
			);
			inputPaths = (
				"${PODS_PODFILE_DIR_PATH}/Podfile.lock",
				"${PODS_ROOT}/Manifest.lock",
			);
			name = "[CP] Check Pods Manifest.lock";
			outputFileListPaths = (
			);
			outputPaths = (
				"$(DERIVED_FILE_DIR)/Pods-SampleLibraries-checkManifestLockResult.txt",
			);
			runOnlyForDeploymentPostprocessing = 0;
			shellPath = /bin/sh;
			shellScript = "diff \"${PODS_PODFILE_DIR_PATH}/Podfile.lock\" \"${PODS_ROOT}/Manifest.lock\" > /dev/null\nif [ $? != 0 ] ; then\n    # print error to STDERR\n    echo \"error: The sandbox is not in sync with the Podfile.lock. Run 'pod install' or update your CocoaPods installation.\" >&2\n    exit 1\nfi\n# This output is used by Xcode 'outputs' to avoid re-running this script phase.\necho \"SUCCESS\" > \"${SCRIPT_OUTPUT_FILE_0}\"\n";
			showEnvVarsInLog = 0;
		};
/* End PBXShellScriptBuildPhase section */

/* Begin PBXSourcesBuildPhase section */
		B6444DA42A502638008ED511 /* Sources */ = {
			isa = PBXSourcesBuildPhase;
			buildActionMask = 2147483647;
			files = (
				B632B1AD2A559F3300EC323B /* ViewController.swift in Sources */,
				B632B18F2A559F0600EC323B /* GithubModel.swift in Sources */,
				B6444DF82A502BF4008ED511 /* R.generated.swift in Sources */,
				B632B1A42A559F1900EC323B /* RswiftViewController.swift in Sources */,
				B632B1922A559F0600EC323B /* GithubTableViewCell.swift in Sources */,
				B632B1A82A559F1900EC323B /* KingfisherViewController.swift in Sources */,
				B632B1932A559F0600EC323B /* ActiveLabelViewController.swift in Sources */,
				B632B1902A559F0600EC323B /* GithubAPI.swift in Sources */,
				B6444DAC2A502638008ED511 /* AppDelegate.swift in Sources */,
				B608C0272B12D9FC002CDC53 /* SwiftyAttributeViewController.swift in Sources */,
				B632B1A12A559F1900EC323B /* LottieViewController.swift in Sources */,
				B632B18E2A559F0600EC323B /* GithubSearchViewController.swift in Sources */,
				B6444DAE2A502638008ED511 /* SceneDelegate.swift in Sources */,
				B632B1A62A559F1900EC323B /* KeyboardViewController.swift in Sources */,
			);
			runOnlyForDeploymentPostprocessing = 0;
		};
/* End PBXSourcesBuildPhase section */

/* Begin PBXVariantGroup section */
		B6444DB12A502638008ED511 /* Main.storyboard */ = {
			isa = PBXVariantGroup;
			children = (
				B6444DB22A502638008ED511 /* Base */,
			);
			name = Main.storyboard;
			sourceTree = "<group>";
		};
		B6444DB62A50263A008ED511 /* LaunchScreen.storyboard */ = {
			isa = PBXVariantGroup;
			children = (
				B6444DB72A50263A008ED511 /* Base */,
			);
			name = LaunchScreen.storyboard;
			sourceTree = "<group>";
		};
/* End PBXVariantGroup section */

/* Begin XCBuildConfiguration section */
		B6444DBA2A50263A008ED511 /* Debug */ = {
			isa = XCBuildConfiguration;
			buildSettings = {
				ALWAYS_SEARCH_USER_PATHS = NO;
				CLANG_ANALYZER_NONNULL = YES;
				CLANG_ANALYZER_NUMBER_OBJECT_CONVERSION = YES_AGGRESSIVE;
				CLANG_CXX_LANGUAGE_STANDARD = "gnu++20";
				CLANG_ENABLE_MODULES = YES;
				CLANG_ENABLE_OBJC_ARC = YES;
				CLANG_ENABLE_OBJC_WEAK = YES;
				CLANG_WARN_BLOCK_CAPTURE_AUTORELEASING = YES;
				CLANG_WARN_BOOL_CONVERSION = YES;
				CLANG_WARN_COMMA = YES;
				CLANG_WARN_CONSTANT_CONVERSION = YES;
				CLANG_WARN_DEPRECATED_OBJC_IMPLEMENTATIONS = YES;
				CLANG_WARN_DIRECT_OBJC_ISA_USAGE = YES_ERROR;
				CLANG_WARN_DOCUMENTATION_COMMENTS = YES;
				CLANG_WARN_EMPTY_BODY = YES;
				CLANG_WARN_ENUM_CONVERSION = YES;
				CLANG_WARN_INFINITE_RECURSION = YES;
				CLANG_WARN_INT_CONVERSION = YES;
				CLANG_WARN_NON_LITERAL_NULL_CONVERSION = YES;
				CLANG_WARN_OBJC_IMPLICIT_RETAIN_SELF = YES;
				CLANG_WARN_OBJC_LITERAL_CONVERSION = YES;
				CLANG_WARN_OBJC_ROOT_CLASS = YES_ERROR;
				CLANG_WARN_QUOTED_INCLUDE_IN_FRAMEWORK_HEADER = YES;
				CLANG_WARN_RANGE_LOOP_ANALYSIS = YES;
				CLANG_WARN_STRICT_PROTOTYPES = YES;
				CLANG_WARN_SUSPICIOUS_MOVE = YES;
				CLANG_WARN_UNGUARDED_AVAILABILITY = YES_AGGRESSIVE;
				CLANG_WARN_UNREACHABLE_CODE = YES;
				CLANG_WARN__DUPLICATE_METHOD_MATCH = YES;
				COPY_PHASE_STRIP = NO;
				DEBUG_INFORMATION_FORMAT = dwarf;
				ENABLE_STRICT_OBJC_MSGSEND = YES;
				ENABLE_TESTABILITY = YES;
				GCC_C_LANGUAGE_STANDARD = gnu11;
				GCC_DYNAMIC_NO_PIC = NO;
				GCC_NO_COMMON_BLOCKS = YES;
				GCC_OPTIMIZATION_LEVEL = 0;
				GCC_PREPROCESSOR_DEFINITIONS = (
					"DEBUG=1",
					"$(inherited)",
				);
				GCC_WARN_64_TO_32_BIT_CONVERSION = YES;
				GCC_WARN_ABOUT_RETURN_TYPE = YES_ERROR;
				GCC_WARN_UNDECLARED_SELECTOR = YES;
				GCC_WARN_UNINITIALIZED_AUTOS = YES_AGGRESSIVE;
				GCC_WARN_UNUSED_FUNCTION = YES;
				GCC_WARN_UNUSED_VARIABLE = YES;
				IPHONEOS_DEPLOYMENT_TARGET = 16.4;
				MTL_ENABLE_DEBUG_INFO = INCLUDE_SOURCE;
				MTL_FAST_MATH = YES;
				ONLY_ACTIVE_ARCH = YES;
				SDKROOT = iphoneos;
				SWIFT_ACTIVE_COMPILATION_CONDITIONS = DEBUG;
				SWIFT_OPTIMIZATION_LEVEL = "-Onone";
			};
			name = Debug;
		};
		B6444DBB2A50263A008ED511 /* Release */ = {
			isa = XCBuildConfiguration;
			buildSettings = {
				ALWAYS_SEARCH_USER_PATHS = NO;
				CLANG_ANALYZER_NONNULL = YES;
				CLANG_ANALYZER_NUMBER_OBJECT_CONVERSION = YES_AGGRESSIVE;
				CLANG_CXX_LANGUAGE_STANDARD = "gnu++20";
				CLANG_ENABLE_MODULES = YES;
				CLANG_ENABLE_OBJC_ARC = YES;
				CLANG_ENABLE_OBJC_WEAK = YES;
				CLANG_WARN_BLOCK_CAPTURE_AUTORELEASING = YES;
				CLANG_WARN_BOOL_CONVERSION = YES;
				CLANG_WARN_COMMA = YES;
				CLANG_WARN_CONSTANT_CONVERSION = YES;
				CLANG_WARN_DEPRECATED_OBJC_IMPLEMENTATIONS = YES;
				CLANG_WARN_DIRECT_OBJC_ISA_USAGE = YES_ERROR;
				CLANG_WARN_DOCUMENTATION_COMMENTS = YES;
				CLANG_WARN_EMPTY_BODY = YES;
				CLANG_WARN_ENUM_CONVERSION = YES;
				CLANG_WARN_INFINITE_RECURSION = YES;
				CLANG_WARN_INT_CONVERSION = YES;
				CLANG_WARN_NON_LITERAL_NULL_CONVERSION = YES;
				CLANG_WARN_OBJC_IMPLICIT_RETAIN_SELF = YES;
				CLANG_WARN_OBJC_LITERAL_CONVERSION = YES;
				CLANG_WARN_OBJC_ROOT_CLASS = YES_ERROR;
				CLANG_WARN_QUOTED_INCLUDE_IN_FRAMEWORK_HEADER = YES;
				CLANG_WARN_RANGE_LOOP_ANALYSIS = YES;
				CLANG_WARN_STRICT_PROTOTYPES = YES;
				CLANG_WARN_SUSPICIOUS_MOVE = YES;
				CLANG_WARN_UNGUARDED_AVAILABILITY = YES_AGGRESSIVE;
				CLANG_WARN_UNREACHABLE_CODE = YES;
				CLANG_WARN__DUPLICATE_METHOD_MATCH = YES;
				COPY_PHASE_STRIP = NO;
				DEBUG_INFORMATION_FORMAT = "dwarf-with-dsym";
				ENABLE_NS_ASSERTIONS = NO;
				ENABLE_STRICT_OBJC_MSGSEND = YES;
				GCC_C_LANGUAGE_STANDARD = gnu11;
				GCC_NO_COMMON_BLOCKS = YES;
				GCC_WARN_64_TO_32_BIT_CONVERSION = YES;
				GCC_WARN_ABOUT_RETURN_TYPE = YES_ERROR;
				GCC_WARN_UNDECLARED_SELECTOR = YES;
				GCC_WARN_UNINITIALIZED_AUTOS = YES_AGGRESSIVE;
				GCC_WARN_UNUSED_FUNCTION = YES;
				GCC_WARN_UNUSED_VARIABLE = YES;
				IPHONEOS_DEPLOYMENT_TARGET = 16.4;
				MTL_ENABLE_DEBUG_INFO = NO;
				MTL_FAST_MATH = YES;
				SDKROOT = iphoneos;
				SWIFT_COMPILATION_MODE = wholemodule;
				SWIFT_OPTIMIZATION_LEVEL = "-O";
				VALIDATE_PRODUCT = YES;
			};
			name = Release;
		};
		B6444DBD2A50263A008ED511 /* Debug */ = {
			isa = XCBuildConfiguration;
			baseConfigurationReference = C2706874E573C046D66BB91F /* Pods-SampleLibraries.debug.xcconfig */;
			buildSettings = {
				ASSETCATALOG_COMPILER_APPICON_NAME = AppIcon;
				ASSETCATALOG_COMPILER_GLOBAL_ACCENT_COLOR_NAME = AccentColor;
				CODE_SIGN_STYLE = Automatic;
				CURRENT_PROJECT_VERSION = 1;
				GENERATE_INFOPLIST_FILE = YES;
				INFOPLIST_FILE = SampleLibraries/Info.plist;
				INFOPLIST_KEY_UIApplicationSupportsIndirectInputEvents = YES;
				INFOPLIST_KEY_UILaunchStoryboardName = LaunchScreen;
				INFOPLIST_KEY_UIMainStoryboardFile = Main;
				INFOPLIST_KEY_UISupportedInterfaceOrientations_iPad = "UIInterfaceOrientationPortrait UIInterfaceOrientationPortraitUpsideDown UIInterfaceOrientationLandscapeLeft UIInterfaceOrientationLandscapeRight";
				INFOPLIST_KEY_UISupportedInterfaceOrientations_iPhone = "UIInterfaceOrientationPortrait UIInterfaceOrientationLandscapeLeft UIInterfaceOrientationLandscapeRight";
				LD_RUNPATH_SEARCH_PATHS = (
					"$(inherited)",
					"@executable_path/Frameworks",
				);
				MARKETING_VERSION = 1.0;
				PRODUCT_BUNDLE_IDENTIFIER = com.sakiyamaK.SampleLibraries;
				PRODUCT_NAME = "$(TARGET_NAME)";
				SWIFT_EMIT_LOC_STRINGS = YES;
				SWIFT_VERSION = 5.0;
				TARGETED_DEVICE_FAMILY = "1,2";
			};
			name = Debug;
		};
		B6444DBE2A50263A008ED511 /* Release */ = {
			isa = XCBuildConfiguration;
			baseConfigurationReference = 968183C378B0CB4B8D12C02D /* Pods-SampleLibraries.release.xcconfig */;
			buildSettings = {
				ASSETCATALOG_COMPILER_APPICON_NAME = AppIcon;
				ASSETCATALOG_COMPILER_GLOBAL_ACCENT_COLOR_NAME = AccentColor;
				CODE_SIGN_STYLE = Automatic;
				CURRENT_PROJECT_VERSION = 1;
				GENERATE_INFOPLIST_FILE = YES;
				INFOPLIST_FILE = SampleLibraries/Info.plist;
				INFOPLIST_KEY_UIApplicationSupportsIndirectInputEvents = YES;
				INFOPLIST_KEY_UILaunchStoryboardName = LaunchScreen;
				INFOPLIST_KEY_UIMainStoryboardFile = Main;
				INFOPLIST_KEY_UISupportedInterfaceOrientations_iPad = "UIInterfaceOrientationPortrait UIInterfaceOrientationPortraitUpsideDown UIInterfaceOrientationLandscapeLeft UIInterfaceOrientationLandscapeRight";
				INFOPLIST_KEY_UISupportedInterfaceOrientations_iPhone = "UIInterfaceOrientationPortrait UIInterfaceOrientationLandscapeLeft UIInterfaceOrientationLandscapeRight";
				LD_RUNPATH_SEARCH_PATHS = (
					"$(inherited)",
					"@executable_path/Frameworks",
				);
				MARKETING_VERSION = 1.0;
				PRODUCT_BUNDLE_IDENTIFIER = com.sakiyamaK.SampleLibraries;
				PRODUCT_NAME = "$(TARGET_NAME)";
				SWIFT_EMIT_LOC_STRINGS = YES;
				SWIFT_VERSION = 5.0;
				TARGETED_DEVICE_FAMILY = "1,2";
			};
			name = Release;
		};
/* End XCBuildConfiguration section */

/* Begin XCConfigurationList section */
		B6444DA32A502638008ED511 /* Build configuration list for PBXProject "SampleLibraries" */ = {
			isa = XCConfigurationList;
			buildConfigurations = (
				B6444DBA2A50263A008ED511 /* Debug */,
				B6444DBB2A50263A008ED511 /* Release */,
			);
			defaultConfigurationIsVisible = 0;
			defaultConfigurationName = Release;
		};
		B6444DBC2A50263A008ED511 /* Build configuration list for PBXNativeTarget "SampleLibraries" */ = {
			isa = XCConfigurationList;
			buildConfigurations = (
				B6444DBD2A50263A008ED511 /* Debug */,
				B6444DBE2A50263A008ED511 /* Release */,
			);
			defaultConfigurationIsVisible = 0;
			defaultConfigurationName = Release;
		};
/* End XCConfigurationList section */
	};
	rootObject = B6444DA02A502638008ED511 /* Project object */;
}
